// !$*UTF8*$!
{
	archiveVersion = 1;
	classes = {
	};
	objectVersion = 77;
	objects = {

/* Begin PBXBuildFile section */
		2E6F4C588887A5CBF048177D /* Pods_PopRepoLuizaTests.framework in Frameworks */ = {isa = PBXBuildFile; fileRef = A8A11C31802A5EF426B7A452 /* Pods_PopRepoLuizaTests.framework */; };
		3497D1F02E4A4EE000AC0A82 /* repositoryListCell.swift in Sources */ = {isa = PBXBuildFile; fileRef = 3497D1E52E4A4EE000AC0A82 /* repositoryListCell.swift */; };
		3497D1F12E4A4EE000AC0A82 /* AppDelegate.swift in Sources */ = {isa = PBXBuildFile; fileRef = 3497D1E82E4A4EE000AC0A82 /* AppDelegate.swift */; };
		3497D1F22E4A4EE000AC0A82 /* SceneDelegate.swift in Sources */ = {isa = PBXBuildFile; fileRef = 3497D1ED2E4A4EE000AC0A82 /* SceneDelegate.swift */; };
		3497D1F42E4A4EE000AC0A82 /* Assets.xcassets in Resources */ = {isa = PBXBuildFile; fileRef = 3497D1E92E4A4EE000AC0A82 /* Assets.xcassets */; };
		3497D1F82E4A4EEE00AC0A82 /* Result.swift in Sources */ = {isa = PBXBuildFile; fileRef = 3497D1F72E4A4EEE00AC0A82 /* Result.swift */; };
		3497D1FB2E4A4EFF00AC0A82 /* Repository.swift in Sources */ = {isa = PBXBuildFile; fileRef = 3497D1FA2E4A4EFF00AC0A82 /* Repository.swift */; };
		3497D2022E4A4FB400AC0A82 /* ImageViewExtension.swift in Sources */ = {isa = PBXBuildFile; fileRef = 3497D2012E4A4FB400AC0A82 /* ImageViewExtension.swift */; };
		3497D2042E4A4FF500AC0A82 /* ListRepositoriesViewController.swift in Sources */ = {isa = PBXBuildFile; fileRef = 3497D2032E4A4FF500AC0A82 /* ListRepositoriesViewController.swift */; };
		3497D20B2E4A739F00AC0A82 /* ListRepositoriesViewModel.swift in Sources */ = {isa = PBXBuildFile; fileRef = 3497D20A2E4A739F00AC0A82 /* ListRepositoriesViewModel.swift */; };
		3497D20D2E4A7F0500AC0A82 /* TableViewCellExtension.swift in Sources */ = {isa = PBXBuildFile; fileRef = 3497D20C2E4A7F0500AC0A82 /* TableViewCellExtension.swift */; };
		3497D2142E4A8C7800AC0A82 /* APIClient.swift in Sources */ = {isa = PBXBuildFile; fileRef = 3497D2132E4A8C7800AC0A82 /* APIClient.swift */; };
		3497D2162E4A8C9700AC0A82 /* RequestObservable.swift in Sources */ = {isa = PBXBuildFile; fileRef = 3497D2152E4A8C9700AC0A82 /* RequestObservable.swift */; };
		3497D21A2E4AAC1200AC0A82 /* ListPullRequestViewController.swift in Sources */ = {isa = PBXBuildFile; fileRef = 3497D2192E4AAC1200AC0A82 /* ListPullRequestViewController.swift */; };
		3497D21C2E4AAD8300AC0A82 /* PullRequests.swift in Sources */ = {isa = PBXBuildFile; fileRef = 3497D21B2E4AAD8300AC0A82 /* PullRequests.swift */; };
		3497D21F2E4ABA5000AC0A82 /* ListPullRequestViewModel.swift in Sources */ = {isa = PBXBuildFile; fileRef = 3497D21E2E4ABA5000AC0A82 /* ListPullRequestViewModel.swift */; };
		3497D2222E4AC62200AC0A82 /* AbstractCell.swift in Sources */ = {isa = PBXBuildFile; fileRef = 3497D2212E4AC62200AC0A82 /* AbstractCell.swift */; };
		3497D2252E4AC9B700AC0A82 /* CustomListPullRequestCell.swift in Sources */ = {isa = PBXBuildFile; fileRef = 3497D2242E4AC9B700AC0A82 /* CustomListPullRequestCell.swift */; };
		3497D2272E4ADE5B00AC0A82 /* PullRequestWebViewController.swift in Sources */ = {isa = PBXBuildFile; fileRef = 3497D2262E4ADE5B00AC0A82 /* PullRequestWebViewController.swift */; };
		3497D22D2E4AE91100AC0A82 /* ErrorHandler.swift in Sources */ = {isa = PBXBuildFile; fileRef = 3497D22C2E4AE91100AC0A82 /* ErrorHandler.swift */; };
		3497D22F2E4B0C7400AC0A82 /* AbstractViewController.swift in Sources */ = {isa = PBXBuildFile; fileRef = 3497D22E2E4B0C7400AC0A82 /* AbstractViewController.swift */; };
		3497D2312E4B113A00AC0A82 /* ViewModelWithPagesDisposeBagAndLoading.swift in Sources */ = {isa = PBXBuildFile; fileRef = 3497D2302E4B113A00AC0A82 /* ViewModelWithPagesDisposeBagAndLoading.swift */; };
		3497D2412E4B16B500AC0A82 /* PopRepoLuizaTests.swift in Sources */ = {isa = PBXBuildFile; fileRef = 3497D23F2E4B16B500AC0A82 /* PopRepoLuizaTests.swift */; };
		3497D2432E4B1D0900AC0A82 /* tete.swift in Sources */ = {isa = PBXBuildFile; fileRef = 3497D2422E4B1D0900AC0A82 /* tete.swift */; };
		3497D2462E4B764100AC0A82 /* PullRequestWVViewModel.swift in Sources */ = {isa = PBXBuildFile; fileRef = 3497D2452E4B764100AC0A82 /* PullRequestWVViewModel.swift */; };
		3497D2492E4BBCB300AC0A82 /* NetworkError.swift in Sources */ = {isa = PBXBuildFile; fileRef = 3497D2482E4BBCB300AC0A82 /* NetworkError.swift */; };
		D661A24BF3D2B22911C307D8 /* Pods_PopRepoLuiza.framework in Frameworks */ = {isa = PBXBuildFile; fileRef = 3F0802B5E4C634F20DABA23F /* Pods_PopRepoLuiza.framework */; };
/* End PBXBuildFile section */

/* Begin PBXContainerItemProxy section */
		3497D23A2E4B166600AC0A82 /* PBXContainerItemProxy */ = {
			isa = PBXContainerItemProxy;
			containerPortal = 3497D1C12E4A3B2D00AC0A82 /* Project object */;
			proxyType = 1;
			remoteGlobalIDString = 3497D1C82E4A3B2D00AC0A82;
			remoteInfo = PopRepoLuiza;
		};
/* End PBXContainerItemProxy section */

/* Begin PBXFileReference section */
		15357DD4B42DC6C592426BCB /* Pods-PopRepoLuiza.debug.xcconfig */ = {isa = PBXFileReference; includeInIndex = 1; lastKnownFileType = text.xcconfig; name = "Pods-PopRepoLuiza.debug.xcconfig"; path = "Target Support Files/Pods-PopRepoLuiza/Pods-PopRepoLuiza.debug.xcconfig"; sourceTree = "<group>"; };
		3497D1C92E4A3B2E00AC0A82 /* PopRepoLuiza.app */ = {isa = PBXFileReference; explicitFileType = wrapper.application; includeInIndex = 0; path = PopRepoLuiza.app; sourceTree = BUILT_PRODUCTS_DIR; };
		3497D1E52E4A4EE000AC0A82 /* repositoryListCell.swift */ = {isa = PBXFileReference; lastKnownFileType = sourcecode.swift; path = repositoryListCell.swift; sourceTree = "<group>"; };
		3497D1E82E4A4EE000AC0A82 /* AppDelegate.swift */ = {isa = PBXFileReference; lastKnownFileType = sourcecode.swift; path = AppDelegate.swift; sourceTree = "<group>"; };
		3497D1E92E4A4EE000AC0A82 /* Assets.xcassets */ = {isa = PBXFileReference; lastKnownFileType = folder.assetcatalog; path = Assets.xcassets; sourceTree = "<group>"; };
		3497D1EA2E4A4EE000AC0A82 /* Info.plist */ = {isa = PBXFileReference; lastKnownFileType = text.plist.xml; path = Info.plist; sourceTree = "<group>"; };
		3497D1ED2E4A4EE000AC0A82 /* SceneDelegate.swift */ = {isa = PBXFileReference; lastKnownFileType = sourcecode.swift; path = SceneDelegate.swift; sourceTree = "<group>"; };
		3497D1F72E4A4EEE00AC0A82 /* Result.swift */ = {isa = PBXFileReference; lastKnownFileType = sourcecode.swift; path = Result.swift; sourceTree = "<group>"; };
		3497D1FA2E4A4EFF00AC0A82 /* Repository.swift */ = {isa = PBXFileReference; lastKnownFileType = sourcecode.swift; path = Repository.swift; sourceTree = "<group>"; };
		3497D2012E4A4FB400AC0A82 /* ImageViewExtension.swift */ = {isa = PBXFileReference; lastKnownFileType = sourcecode.swift; path = ImageViewExtension.swift; sourceTree = "<group>"; };
		3497D2032E4A4FF500AC0A82 /* ListRepositoriesViewController.swift */ = {isa = PBXFileReference; lastKnownFileType = sourcecode.swift; path = ListRepositoriesViewController.swift; sourceTree = "<group>"; };
		3497D20A2E4A739F00AC0A82 /* ListRepositoriesViewModel.swift */ = {isa = PBXFileReference; lastKnownFileType = sourcecode.swift; path = ListRepositoriesViewModel.swift; sourceTree = "<group>"; };
		3497D20C2E4A7F0500AC0A82 /* TableViewCellExtension.swift */ = {isa = PBXFileReference; lastKnownFileType = sourcecode.swift; path = TableViewCellExtension.swift; sourceTree = "<group>"; };
		3497D2132E4A8C7800AC0A82 /* APIClient.swift */ = {isa = PBXFileReference; lastKnownFileType = sourcecode.swift; path = APIClient.swift; sourceTree = "<group>"; };
		3497D2152E4A8C9700AC0A82 /* RequestObservable.swift */ = {isa = PBXFileReference; lastKnownFileType = sourcecode.swift; path = RequestObservable.swift; sourceTree = "<group>"; };
		3497D2192E4AAC1200AC0A82 /* ListPullRequestViewController.swift */ = {isa = PBXFileReference; lastKnownFileType = sourcecode.swift; path = ListPullRequestViewController.swift; sourceTree = "<group>"; };
		3497D21B2E4AAD8300AC0A82 /* PullRequests.swift */ = {isa = PBXFileReference; lastKnownFileType = sourcecode.swift; path = PullRequests.swift; sourceTree = "<group>"; };
		3497D21E2E4ABA5000AC0A82 /* ListPullRequestViewModel.swift */ = {isa = PBXFileReference; lastKnownFileType = sourcecode.swift; path = ListPullRequestViewModel.swift; sourceTree = "<group>"; };
		3497D2212E4AC62200AC0A82 /* AbstractCell.swift */ = {isa = PBXFileReference; lastKnownFileType = sourcecode.swift; path = AbstractCell.swift; sourceTree = "<group>"; };
		3497D2242E4AC9B700AC0A82 /* CustomListPullRequestCell.swift */ = {isa = PBXFileReference; lastKnownFileType = sourcecode.swift; path = CustomListPullRequestCell.swift; sourceTree = "<group>"; };
		3497D2262E4ADE5B00AC0A82 /* PullRequestWebViewController.swift */ = {isa = PBXFileReference; lastKnownFileType = sourcecode.swift; path = PullRequestWebViewController.swift; sourceTree = "<group>"; };
		3497D22C2E4AE91100AC0A82 /* ErrorHandler.swift */ = {isa = PBXFileReference; lastKnownFileType = sourcecode.swift; path = ErrorHandler.swift; sourceTree = "<group>"; };
		3497D22E2E4B0C7400AC0A82 /* AbstractViewController.swift */ = {isa = PBXFileReference; lastKnownFileType = sourcecode.swift; path = AbstractViewController.swift; sourceTree = "<group>"; };
		3497D2302E4B113A00AC0A82 /* ViewModelWithPagesDisposeBagAndLoading.swift */ = {isa = PBXFileReference; lastKnownFileType = sourcecode.swift; path = ViewModelWithPagesDisposeBagAndLoading.swift; sourceTree = "<group>"; };
		3497D2362E4B166500AC0A82 /* PopRepoLuizaTests.xctest */ = {isa = PBXFileReference; explicitFileType = wrapper.cfbundle; includeInIndex = 0; path = PopRepoLuizaTests.xctest; sourceTree = BUILT_PRODUCTS_DIR; };
		3497D23F2E4B16B500AC0A82 /* PopRepoLuizaTests.swift */ = {isa = PBXFileReference; lastKnownFileType = sourcecode.swift; path = PopRepoLuizaTests.swift; sourceTree = "<group>"; };
		3497D2422E4B1D0900AC0A82 /* tete.swift */ = {isa = PBXFileReference; lastKnownFileType = sourcecode.swift; path = tete.swift; sourceTree = "<group>"; };
		3497D2452E4B764100AC0A82 /* PullRequestWVViewModel.swift */ = {isa = PBXFileReference; lastKnownFileType = sourcecode.swift; path = PullRequestWVViewModel.swift; sourceTree = "<group>"; };
		3497D2482E4BBCB300AC0A82 /* NetworkError.swift */ = {isa = PBXFileReference; lastKnownFileType = sourcecode.swift; path = NetworkError.swift; sourceTree = "<group>"; };
		3F0802B5E4C634F20DABA23F /* Pods_PopRepoLuiza.framework */ = {isa = PBXFileReference; explicitFileType = wrapper.framework; includeInIndex = 0; path = Pods_PopRepoLuiza.framework; sourceTree = BUILT_PRODUCTS_DIR; };
		74C3877EBC5688C61E6433EC /* Pods-PopRepoLuizaTests.release.xcconfig */ = {isa = PBXFileReference; includeInIndex = 1; lastKnownFileType = text.xcconfig; name = "Pods-PopRepoLuizaTests.release.xcconfig"; path = "Target Support Files/Pods-PopRepoLuizaTests/Pods-PopRepoLuizaTests.release.xcconfig"; sourceTree = "<group>"; };
		7CB95F7E84F21BCE2946CFA1 /* Pods-PopRepoLuizaTests.debug.xcconfig */ = {isa = PBXFileReference; includeInIndex = 1; lastKnownFileType = text.xcconfig; name = "Pods-PopRepoLuizaTests.debug.xcconfig"; path = "Target Support Files/Pods-PopRepoLuizaTests/Pods-PopRepoLuizaTests.debug.xcconfig"; sourceTree = "<group>"; };
		A8A11C31802A5EF426B7A452 /* Pods_PopRepoLuizaTests.framework */ = {isa = PBXFileReference; explicitFileType = wrapper.framework; includeInIndex = 0; path = Pods_PopRepoLuizaTests.framework; sourceTree = BUILT_PRODUCTS_DIR; };
		AEF8341649087BB46C8A9363 /* Pods-PopRepoLuiza-PopRepoLuizaTests.debug.xcconfig */ = {isa = PBXFileReference; includeInIndex = 1; lastKnownFileType = text.xcconfig; name = "Pods-PopRepoLuiza-PopRepoLuizaTests.debug.xcconfig"; path = "Target Support Files/Pods-PopRepoLuiza-PopRepoLuizaTests/Pods-PopRepoLuiza-PopRepoLuizaTests.debug.xcconfig"; sourceTree = "<group>"; };
		B85E913F911665B086FEF145 /* Pods-PopRepoLuiza.release.xcconfig */ = {isa = PBXFileReference; includeInIndex = 1; lastKnownFileType = text.xcconfig; name = "Pods-PopRepoLuiza.release.xcconfig"; path = "Target Support Files/Pods-PopRepoLuiza/Pods-PopRepoLuiza.release.xcconfig"; sourceTree = "<group>"; };
		E8DED6E8B221E7383A8F0132 /* Pods-PopRepoLuiza-PopRepoLuizaTests.release.xcconfig */ = {isa = PBXFileReference; includeInIndex = 1; lastKnownFileType = text.xcconfig; name = "Pods-PopRepoLuiza-PopRepoLuizaTests.release.xcconfig"; path = "Target Support Files/Pods-PopRepoLuiza-PopRepoLuizaTests/Pods-PopRepoLuiza-PopRepoLuizaTests.release.xcconfig"; sourceTree = "<group>"; };
/* End PBXFileReference section */

/* Begin PBXFrameworksBuildPhase section */
		3497D1C62E4A3B2D00AC0A82 /* Frameworks */ = {
			isa = PBXFrameworksBuildPhase;
			buildActionMask = 2147483647;
			files = (
				D661A24BF3D2B22911C307D8 /* Pods_PopRepoLuiza.framework in Frameworks */,
			);
			runOnlyForDeploymentPostprocessing = 0;
		};
		3497D2332E4B166500AC0A82 /* Frameworks */ = {
			isa = PBXFrameworksBuildPhase;
			buildActionMask = 2147483647;
			files = (
				2E6F4C588887A5CBF048177D /* Pods_PopRepoLuizaTests.framework in Frameworks */,
			);
			runOnlyForDeploymentPostprocessing = 0;
		};
/* End PBXFrameworksBuildPhase section */

/* Begin PBXGroup section */
		3497D1C02E4A3B2D00AC0A82 = {
			isa = PBXGroup;
			children = (
				3497D1EF2E4A4EE000AC0A82 /* PopRepoLuiza */,
				3497D2402E4B16B500AC0A82 /* PopRepoLuizaTests */,
				3497D1CA2E4A3B2E00AC0A82 /* Products */,
				8D3D58F69479ED1D82695191 /* Pods */,
				49AC2F3FF2460001F0AACD9A /* Frameworks */,
			);
			sourceTree = "<group>";
		};
		3497D1CA2E4A3B2E00AC0A82 /* Products */ = {
			isa = PBXGroup;
			children = (
				3497D1C92E4A3B2E00AC0A82 /* PopRepoLuiza.app */,
				3497D2362E4B166500AC0A82 /* PopRepoLuizaTests.xctest */,
			);
			name = Products;
			sourceTree = "<group>";
		};
		3497D1E62E4A4EE000AC0A82 /* Cells */ = {
			isa = PBXGroup;
			children = (
				3497D1E52E4A4EE000AC0A82 /* repositoryListCell.swift */,
			);
			path = Cells;
			sourceTree = "<group>";
		};
		3497D1E72E4A4EE000AC0A82 /* View */ = {
			isa = PBXGroup;
			children = (
				3497D1E62E4A4EE000AC0A82 /* Cells */,
				3497D2032E4A4FF500AC0A82 /* ListRepositoriesViewController.swift */,
			);
			path = View;
			sourceTree = "<group>";
		};
		3497D1EF2E4A4EE000AC0A82 /* PopRepoLuiza */ = {
			isa = PBXGroup;
			children = (
				3497D2472E4BBC8600AC0A82 /* Network */,
				3497D2202E4AC60D00AC0A82 /* Components */,
				3497D22A2E4AE01200AC0A82 /* PullRequestWebView */,
				3497D2172E4AAB6100AC0A82 /* ListPullRequest */,
				3497D2082E4A733A00AC0A82 /* ListRepositories */,
				3497D1FC2E4A4F6E00AC0A82 /* Extensions */,
				3497D1F92E4A4EF200AC0A82 /* Model */,
				3497D1E82E4A4EE000AC0A82 /* AppDelegate.swift */,
				3497D1E92E4A4EE000AC0A82 /* Assets.xcassets */,
				3497D1EA2E4A4EE000AC0A82 /* Info.plist */,
				3497D1ED2E4A4EE000AC0A82 /* SceneDelegate.swift */,
			);
			path = PopRepoLuiza;
			sourceTree = "<group>";
		};
		3497D1F92E4A4EF200AC0A82 /* Model */ = {
			isa = PBXGroup;
			children = (
				3497D1FA2E4A4EFF00AC0A82 /* Repository.swift */,
				3497D1F72E4A4EEE00AC0A82 /* Result.swift */,
				3497D21B2E4AAD8300AC0A82 /* PullRequests.swift */,
			);
			path = Model;
			sourceTree = "<group>";
		};
		3497D1FC2E4A4F6E00AC0A82 /* Extensions */ = {
			isa = PBXGroup;
			children = (
				3497D2012E4A4FB400AC0A82 /* ImageViewExtension.swift */,
				3497D20C2E4A7F0500AC0A82 /* TableViewCellExtension.swift */,
				3497D22C2E4AE91100AC0A82 /* ErrorHandler.swift */,
			);
			path = Extensions;
			sourceTree = "<group>";
		};
		3497D2082E4A733A00AC0A82 /* ListRepositories */ = {
			isa = PBXGroup;
			children = (
				3497D2092E4A736D00AC0A82 /* ViewModel */,
				3497D1E72E4A4EE000AC0A82 /* View */,
			);
			path = ListRepositories;
			sourceTree = "<group>";
		};
		3497D2092E4A736D00AC0A82 /* ViewModel */ = {
			isa = PBXGroup;
			children = (
				3497D20A2E4A739F00AC0A82 /* ListRepositoriesViewModel.swift */,
			);
			path = ViewModel;
			sourceTree = "<group>";
		};
		3497D2172E4AAB6100AC0A82 /* ListPullRequest */ = {
			isa = PBXGroup;
			children = (
				3497D21D2E4ABA3E00AC0A82 /* ViewModel */,
				3497D2182E4AABFA00AC0A82 /* View */,
			);
			path = ListPullRequest;
			sourceTree = "<group>";
		};
		3497D2182E4AABFA00AC0A82 /* View */ = {
			isa = PBXGroup;
			children = (
				3497D2232E4AC9A100AC0A82 /* Cells */,
				3497D2192E4AAC1200AC0A82 /* ListPullRequestViewController.swift */,
			);
			path = View;
			sourceTree = "<group>";
		};
		3497D21D2E4ABA3E00AC0A82 /* ViewModel */ = {
			isa = PBXGroup;
			children = (
				3497D21E2E4ABA5000AC0A82 /* ListPullRequestViewModel.swift */,
			);
			path = ViewModel;
			sourceTree = "<group>";
		};
		3497D2202E4AC60D00AC0A82 /* Components */ = {
			isa = PBXGroup;
			children = (
				3497D2212E4AC62200AC0A82 /* AbstractCell.swift */,
				3497D2302E4B113A00AC0A82 /* ViewModelWithPagesDisposeBagAndLoading.swift */,
				3497D22E2E4B0C7400AC0A82 /* AbstractViewController.swift */,
			);
			path = Components;
			sourceTree = "<group>";
		};
		3497D2232E4AC9A100AC0A82 /* Cells */ = {
			isa = PBXGroup;
			children = (
				3497D2242E4AC9B700AC0A82 /* CustomListPullRequestCell.swift */,
			);
			path = Cells;
			sourceTree = "<group>";
		};
		3497D22A2E4AE01200AC0A82 /* PullRequestWebView */ = {
			isa = PBXGroup;
			children = (
				3497D2442E4B761500AC0A82 /* ViewModel */,
				3497D22B2E4AE02100AC0A82 /* View */,
			);
			path = PullRequestWebView;
			sourceTree = "<group>";
		};
		3497D22B2E4AE02100AC0A82 /* View */ = {
			isa = PBXGroup;
			children = (
				3497D2262E4ADE5B00AC0A82 /* PullRequestWebViewController.swift */,
			);
			path = View;
			sourceTree = "<group>";
		};
		3497D2402E4B16B500AC0A82 /* PopRepoLuizaTests */ = {
			isa = PBXGroup;
			children = (
				3497D23F2E4B16B500AC0A82 /* PopRepoLuizaTests.swift */,
				3497D2422E4B1D0900AC0A82 /* tete.swift */,
			);
			path = PopRepoLuizaTests;
			sourceTree = "<group>";
		};
		3497D2442E4B761500AC0A82 /* ViewModel */ = {
			isa = PBXGroup;
			children = (
				3497D2452E4B764100AC0A82 /* PullRequestWVViewModel.swift */,
			);
			path = ViewModel;
			sourceTree = "<group>";
		};
		3497D2472E4BBC8600AC0A82 /* Network */ = {
			isa = PBXGroup;
			children = (
				3497D2482E4BBCB300AC0A82 /* NetworkError.swift */,
				3497D2132E4A8C7800AC0A82 /* APIClient.swift */,
				3497D2152E4A8C9700AC0A82 /* RequestObservable.swift */,
			);
			path = Network;
			sourceTree = "<group>";
		};
		49AC2F3FF2460001F0AACD9A /* Frameworks */ = {
			isa = PBXGroup;
			children = (
				3F0802B5E4C634F20DABA23F /* Pods_PopRepoLuiza.framework */,
				A8A11C31802A5EF426B7A452 /* Pods_PopRepoLuizaTests.framework */,
			);
			name = Frameworks;
			sourceTree = "<group>";
		};
		8D3D58F69479ED1D82695191 /* Pods */ = {
			isa = PBXGroup;
			children = (
				15357DD4B42DC6C592426BCB /* Pods-PopRepoLuiza.debug.xcconfig */,
				B85E913F911665B086FEF145 /* Pods-PopRepoLuiza.release.xcconfig */,
				7CB95F7E84F21BCE2946CFA1 /* Pods-PopRepoLuizaTests.debug.xcconfig */,
				74C3877EBC5688C61E6433EC /* Pods-PopRepoLuizaTests.release.xcconfig */,
				AEF8341649087BB46C8A9363 /* Pods-PopRepoLuiza-PopRepoLuizaTests.debug.xcconfig */,
				E8DED6E8B221E7383A8F0132 /* Pods-PopRepoLuiza-PopRepoLuizaTests.release.xcconfig */,
			);
			path = Pods;
			sourceTree = "<group>";
		};
/* End PBXGroup section */

/* Begin PBXNativeTarget section */
		3497D1C82E4A3B2D00AC0A82 /* PopRepoLuiza */ = {
			isa = PBXNativeTarget;
			buildConfigurationList = 3497D1DC2E4A3B3000AC0A82 /* Build configuration list for PBXNativeTarget "PopRepoLuiza" */;
			buildPhases = (
				9BFB71761149DAE89FCCF453 /* [CP] Check Pods Manifest.lock */,
				3497D1C52E4A3B2D00AC0A82 /* Sources */,
				3497D1C62E4A3B2D00AC0A82 /* Frameworks */,
				3497D1C72E4A3B2D00AC0A82 /* Resources */,
				FE3120ED5E78E9591DB8354A /* [CP] Embed Pods Frameworks */,
			);
			buildRules = (
			);
			dependencies = (
			);
			name = PopRepoLuiza;
			productName = PopRepoLuiza;
			productReference = 3497D1C92E4A3B2E00AC0A82 /* PopRepoLuiza.app */;
			productType = "com.apple.product-type.application";
		};
		3497D2352E4B166500AC0A82 /* PopRepoLuizaTests */ = {
			isa = PBXNativeTarget;
			buildConfigurationList = 3497D23E2E4B166600AC0A82 /* Build configuration list for PBXNativeTarget "PopRepoLuizaTests" */;
			buildPhases = (
				B0D3EAB6954188CCFF024049 /* [CP] Check Pods Manifest.lock */,
				3497D2322E4B166500AC0A82 /* Sources */,
				3497D2332E4B166500AC0A82 /* Frameworks */,
				3497D2342E4B166500AC0A82 /* Resources */,
				713DC788A9F7991CAD785569 /* [CP] Embed Pods Frameworks */,
			);
			buildRules = (
			);
			dependencies = (
				3497D23B2E4B166600AC0A82 /* PBXTargetDependency */,
			);
			name = PopRepoLuizaTests;
			productName = PopRepoLuizaTests;
			productReference = 3497D2362E4B166500AC0A82 /* PopRepoLuizaTests.xctest */;
			productType = "com.apple.product-type.bundle.unit-test";
		};
/* End PBXNativeTarget section */

/* Begin PBXProject section */
		3497D1C12E4A3B2D00AC0A82 /* Project object */ = {
			isa = PBXProject;
			attributes = {
				BuildIndependentTargetsInParallel = 1;
				LastSwiftUpdateCheck = 1630;
				LastUpgradeCheck = 1630;
				TargetAttributes = {
					3497D1C82E4A3B2D00AC0A82 = {
						CreatedOnToolsVersion = 16.3;
					};
					3497D2352E4B166500AC0A82 = {
						CreatedOnToolsVersion = 16.3;
						TestTargetID = 3497D1C82E4A3B2D00AC0A82;
					};
				};
			};
			buildConfigurationList = 3497D1C42E4A3B2D00AC0A82 /* Build configuration list for PBXProject "PopRepoLuiza" */;
			developmentRegion = en;
			hasScannedForEncodings = 0;
			knownRegions = (
				en,
				Base,
			);
			mainGroup = 3497D1C02E4A3B2D00AC0A82;
			minimizedProjectReferenceProxies = 1;
			preferredProjectObjectVersion = 77;
			productRefGroup = 3497D1CA2E4A3B2E00AC0A82 /* Products */;
			projectDirPath = "";
			projectRoot = "";
			targets = (
				3497D1C82E4A3B2D00AC0A82 /* PopRepoLuiza */,
				3497D2352E4B166500AC0A82 /* PopRepoLuizaTests */,
			);
		};
/* End PBXProject section */

/* Begin PBXResourcesBuildPhase section */
		3497D1C72E4A3B2D00AC0A82 /* Resources */ = {
			isa = PBXResourcesBuildPhase;
			buildActionMask = 2147483647;
			files = (
				3497D1F42E4A4EE000AC0A82 /* Assets.xcassets in Resources */,
			);
			runOnlyForDeploymentPostprocessing = 0;
		};
		3497D2342E4B166500AC0A82 /* Resources */ = {
			isa = PBXResourcesBuildPhase;
			buildActionMask = 2147483647;
			files = (
			);
			runOnlyForDeploymentPostprocessing = 0;
		};
/* End PBXResourcesBuildPhase section */

/* Begin PBXShellScriptBuildPhase section */
		713DC788A9F7991CAD785569 /* [CP] Embed Pods Frameworks */ = {
			isa = PBXShellScriptBuildPhase;
			buildActionMask = 2147483647;
			files = (
			);
			inputFileListPaths = (
				"${PODS_ROOT}/Target Support Files/Pods-PopRepoLuizaTests/Pods-PopRepoLuizaTests-frameworks-${CONFIGURATION}-input-files.xcfilelist",
			);
			inputPaths = (
			);
			name = "[CP] Embed Pods Frameworks";
			outputFileListPaths = (
				"${PODS_ROOT}/Target Support Files/Pods-PopRepoLuizaTests/Pods-PopRepoLuizaTests-frameworks-${CONFIGURATION}-output-files.xcfilelist",
			);
			outputPaths = (
			);
			runOnlyForDeploymentPostprocessing = 0;
			shellPath = /bin/sh;
			shellScript = "\"${PODS_ROOT}/Target Support Files/Pods-PopRepoLuizaTests/Pods-PopRepoLuizaTests-frameworks.sh\"\n";
			showEnvVarsInLog = 0;
		};
		9BFB71761149DAE89FCCF453 /* [CP] Check Pods Manifest.lock */ = {
			isa = PBXShellScriptBuildPhase;
			buildActionMask = 2147483647;
			files = (
			);
			inputFileListPaths = (
			);
			inputPaths = (
				"${PODS_PODFILE_DIR_PATH}/Podfile.lock",
				"${PODS_ROOT}/Manifest.lock",
			);
			name = "[CP] Check Pods Manifest.lock";
			outputFileListPaths = (
			);
			outputPaths = (
				"$(DERIVED_FILE_DIR)/Pods-PopRepoLuiza-checkManifestLockResult.txt",
			);
			runOnlyForDeploymentPostprocessing = 0;
			shellPath = /bin/sh;
			shellScript = "diff \"${PODS_PODFILE_DIR_PATH}/Podfile.lock\" \"${PODS_ROOT}/Manifest.lock\" > /dev/null\nif [ $? != 0 ] ; then\n    # print error to STDERR\n    echo \"error: The sandbox is not in sync with the Podfile.lock. Run 'pod install' or update your CocoaPods installation.\" >&2\n    exit 1\nfi\n# This output is used by Xcode 'outputs' to avoid re-running this script phase.\necho \"SUCCESS\" > \"${SCRIPT_OUTPUT_FILE_0}\"\n";
			showEnvVarsInLog = 0;
		};
		B0D3EAB6954188CCFF024049 /* [CP] Check Pods Manifest.lock */ = {
			isa = PBXShellScriptBuildPhase;
			buildActionMask = 2147483647;
			files = (
			);
			inputFileListPaths = (
			);
			inputPaths = (
				"${PODS_PODFILE_DIR_PATH}/Podfile.lock",
				"${PODS_ROOT}/Manifest.lock",
			);
			name = "[CP] Check Pods Manifest.lock";
			outputFileListPaths = (
			);
			outputPaths = (
				"$(DERIVED_FILE_DIR)/Pods-PopRepoLuizaTests-checkManifestLockResult.txt",
			);
			runOnlyForDeploymentPostprocessing = 0;
			shellPath = /bin/sh;
			shellScript = "diff \"${PODS_PODFILE_DIR_PATH}/Podfile.lock\" \"${PODS_ROOT}/Manifest.lock\" > /dev/null\nif [ $? != 0 ] ; then\n    # print error to STDERR\n    echo \"error: The sandbox is not in sync with the Podfile.lock. Run 'pod install' or update your CocoaPods installation.\" >&2\n    exit 1\nfi\n# This output is used by Xcode 'outputs' to avoid re-running this script phase.\necho \"SUCCESS\" > \"${SCRIPT_OUTPUT_FILE_0}\"\n";
			showEnvVarsInLog = 0;
		};
		FE3120ED5E78E9591DB8354A /* [CP] Embed Pods Frameworks */ = {
			isa = PBXShellScriptBuildPhase;
			buildActionMask = 2147483647;
			files = (
			);
			inputFileListPaths = (
				"${PODS_ROOT}/Target Support Files/Pods-PopRepoLuiza/Pods-PopRepoLuiza-frameworks-${CONFIGURATION}-input-files.xcfilelist",
			);
			inputPaths = (
			);
			name = "[CP] Embed Pods Frameworks";
			outputFileListPaths = (
				"${PODS_ROOT}/Target Support Files/Pods-PopRepoLuiza/Pods-PopRepoLuiza-frameworks-${CONFIGURATION}-output-files.xcfilelist",
			);
			outputPaths = (
			);
			runOnlyForDeploymentPostprocessing = 0;
			shellPath = /bin/sh;
			shellScript = "\"${PODS_ROOT}/Target Support Files/Pods-PopRepoLuiza/Pods-PopRepoLuiza-frameworks.sh\"\n";
			showEnvVarsInLog = 0;
		};
/* End PBXShellScriptBuildPhase section */

/* Begin PBXSourcesBuildPhase section */
		3497D1C52E4A3B2D00AC0A82 /* Sources */ = {
			isa = PBXSourcesBuildPhase;
			buildActionMask = 2147483647;
			files = (
				3497D1F02E4A4EE000AC0A82 /* repositoryListCell.swift in Sources */,
				3497D21A2E4AAC1200AC0A82 /* ListPullRequestViewController.swift in Sources */,
				3497D2492E4BBCB300AC0A82 /* NetworkError.swift in Sources */,
				3497D2022E4A4FB400AC0A82 /* ImageViewExtension.swift in Sources */,
				3497D1F82E4A4EEE00AC0A82 /* Result.swift in Sources */,
				3497D2222E4AC62200AC0A82 /* AbstractCell.swift in Sources */,
				3497D2252E4AC9B700AC0A82 /* CustomListPullRequestCell.swift in Sources */,
				3497D2042E4A4FF500AC0A82 /* ListRepositoriesViewController.swift in Sources */,
				3497D20D2E4A7F0500AC0A82 /* TableViewCellExtension.swift in Sources */,
				3497D2162E4A8C9700AC0A82 /* RequestObservable.swift in Sources */,
				3497D21F2E4ABA5000AC0A82 /* ListPullRequestViewModel.swift in Sources */,
				3497D1F12E4A4EE000AC0A82 /* AppDelegate.swift in Sources */,
				3497D20B2E4A739F00AC0A82 /* ListRepositoriesViewModel.swift in Sources */,
				3497D22F2E4B0C7400AC0A82 /* AbstractViewController.swift in Sources */,
				3497D2462E4B764100AC0A82 /* PullRequestWVViewModel.swift in Sources */,
				3497D2272E4ADE5B00AC0A82 /* PullRequestWebViewController.swift in Sources */,
				3497D1F22E4A4EE000AC0A82 /* SceneDelegate.swift in Sources */,
				3497D2312E4B113A00AC0A82 /* ViewModelWithPagesDisposeBagAndLoading.swift in Sources */,
				3497D1FB2E4A4EFF00AC0A82 /* Repository.swift in Sources */,
				3497D22D2E4AE91100AC0A82 /* ErrorHandler.swift in Sources */,
				3497D21C2E4AAD8300AC0A82 /* PullRequests.swift in Sources */,
				3497D2142E4A8C7800AC0A82 /* APIClient.swift in Sources */,
			);
			runOnlyForDeploymentPostprocessing = 0;
		};
		3497D2322E4B166500AC0A82 /* Sources */ = {
			isa = PBXSourcesBuildPhase;
			buildActionMask = 2147483647;
			files = (
				3497D2412E4B16B500AC0A82 /* PopRepoLuizaTests.swift in Sources */,
				3497D2432E4B1D0900AC0A82 /* tete.swift in Sources */,
			);
			runOnlyForDeploymentPostprocessing = 0;
		};
/* End PBXSourcesBuildPhase section */

/* Begin PBXTargetDependency section */
		3497D23B2E4B166600AC0A82 /* PBXTargetDependency */ = {
			isa = PBXTargetDependency;
			target = 3497D1C82E4A3B2D00AC0A82 /* PopRepoLuiza */;
			targetProxy = 3497D23A2E4B166600AC0A82 /* PBXContainerItemProxy */;
		};
/* End PBXTargetDependency section */

/* Begin XCBuildConfiguration section */
		3497D1DD2E4A3B3000AC0A82 /* Debug */ = {
			isa = XCBuildConfiguration;
			baseConfigurationReference = 15357DD4B42DC6C592426BCB /* Pods-PopRepoLuiza.debug.xcconfig */;
			buildSettings = {
				ASSETCATALOG_COMPILER_APPICON_NAME = AppIcon;
				ASSETCATALOG_COMPILER_GLOBAL_ACCENT_COLOR_NAME = AccentColor;
				CODE_SIGN_STYLE = Automatic;
				CURRENT_PROJECT_VERSION = 1;
				DEVELOPMENT_TEAM = MT4A7M75NC;
				GENERATE_INFOPLIST_FILE = YES;
				INFOPLIST_FILE = PopRepoLuiza/Info.plist;
				INFOPLIST_KEY_UIApplicationSupportsIndirectInputEvents = YES;
				INFOPLIST_KEY_UILaunchStoryboardName = LaunchScreen;
				INFOPLIST_KEY_UISupportedInterfaceOrientations_iPad = "UIInterfaceOrientationPortrait UIInterfaceOrientationPortraitUpsideDown UIInterfaceOrientationLandscapeLeft UIInterfaceOrientationLandscapeRight";
				INFOPLIST_KEY_UISupportedInterfaceOrientations_iPhone = "UIInterfaceOrientationPortrait UIInterfaceOrientationLandscapeLeft UIInterfaceOrientationLandscapeRight";
				LD_RUNPATH_SEARCH_PATHS = (
					"$(inherited)",
					"@executable_path/Frameworks",
				);
				MARKETING_VERSION = 1.0;
				PRODUCT_BUNDLE_IDENTIFIER = com.caiopessoa.PopRepoLuiza;
				PRODUCT_NAME = "$(TARGET_NAME)";
				SWIFT_EMIT_LOC_STRINGS = YES;
				SWIFT_VERSION = 5.0;
				TARGETED_DEVICE_FAMILY = "1,2";
			};
			name = Debug;
		};
		3497D1DE2E4A3B3000AC0A82 /* Release */ = {
			isa = XCBuildConfiguration;
			baseConfigurationReference = B85E913F911665B086FEF145 /* Pods-PopRepoLuiza.release.xcconfig */;
			buildSettings = {
				ASSETCATALOG_COMPILER_APPICON_NAME = AppIcon;
				ASSETCATALOG_COMPILER_GLOBAL_ACCENT_COLOR_NAME = AccentColor;
				CODE_SIGN_STYLE = Automatic;
				CURRENT_PROJECT_VERSION = 1;
				DEVELOPMENT_TEAM = MT4A7M75NC;
				GENERATE_INFOPLIST_FILE = YES;
				INFOPLIST_FILE = PopRepoLuiza/Info.plist;
				INFOPLIST_KEY_UIApplicationSupportsIndirectInputEvents = YES;
				INFOPLIST_KEY_UILaunchStoryboardName = LaunchScreen;
				INFOPLIST_KEY_UISupportedInterfaceOrientations_iPad = "UIInterfaceOrientationPortrait UIInterfaceOrientationPortraitUpsideDown UIInterfaceOrientationLandscapeLeft UIInterfaceOrientationLandscapeRight";
				INFOPLIST_KEY_UISupportedInterfaceOrientations_iPhone = "UIInterfaceOrientationPortrait UIInterfaceOrientationLandscapeLeft UIInterfaceOrientationLandscapeRight";
				LD_RUNPATH_SEARCH_PATHS = (
					"$(inherited)",
					"@executable_path/Frameworks",
				);
				MARKETING_VERSION = 1.0;
				PRODUCT_BUNDLE_IDENTIFIER = com.caiopessoa.PopRepoLuiza;
				PRODUCT_NAME = "$(TARGET_NAME)";
				SWIFT_EMIT_LOC_STRINGS = YES;
				SWIFT_VERSION = 5.0;
				TARGETED_DEVICE_FAMILY = "1,2";
			};
			name = Release;
		};
		3497D1DF2E4A3B3000AC0A82 /* Debug */ = {
			isa = XCBuildConfiguration;
			buildSettings = {
				ALWAYS_SEARCH_USER_PATHS = NO;
				ASSETCATALOG_COMPILER_GENERATE_SWIFT_ASSET_SYMBOL_EXTENSIONS = YES;
				CLANG_ANALYZER_NONNULL = YES;
				CLANG_ANALYZER_NUMBER_OBJECT_CONVERSION = YES_AGGRESSIVE;
				CLANG_CXX_LANGUAGE_STANDARD = "gnu++20";
				CLANG_ENABLE_MODULES = YES;
				CLANG_ENABLE_OBJC_ARC = YES;
				CLANG_ENABLE_OBJC_WEAK = YES;
				CLANG_WARN_BLOCK_CAPTURE_AUTORELEASING = YES;
				CLANG_WARN_BOOL_CONVERSION = YES;
				CLANG_WARN_COMMA = YES;
				CLANG_WARN_CONSTANT_CONVERSION = YES;
				CLANG_WARN_DEPRECATED_OBJC_IMPLEMENTATIONS = YES;
				CLANG_WARN_DIRECT_OBJC_ISA_USAGE = YES_ERROR;
				CLANG_WARN_DOCUMENTATION_COMMENTS = YES;
				CLANG_WARN_EMPTY_BODY = YES;
				CLANG_WARN_ENUM_CONVERSION = YES;
				CLANG_WARN_INFINITE_RECURSION = YES;
				CLANG_WARN_INT_CONVERSION = YES;
				CLANG_WARN_NON_LITERAL_NULL_CONVERSION = YES;
				CLANG_WARN_OBJC_IMPLICIT_RETAIN_SELF = YES;
				CLANG_WARN_OBJC_LITERAL_CONVERSION = YES;
				CLANG_WARN_OBJC_ROOT_CLASS = YES_ERROR;
				CLANG_WARN_QUOTED_INCLUDE_IN_FRAMEWORK_HEADER = YES;
				CLANG_WARN_RANGE_LOOP_ANALYSIS = YES;
				CLANG_WARN_STRICT_PROTOTYPES = YES;
				CLANG_WARN_SUSPICIOUS_MOVE = YES;
				CLANG_WARN_UNGUARDED_AVAILABILITY = YES_AGGRESSIVE;
				CLANG_WARN_UNREACHABLE_CODE = YES;
				CLANG_WARN__DUPLICATE_METHOD_MATCH = YES;
				COPY_PHASE_STRIP = NO;
				DEBUG_INFORMATION_FORMAT = dwarf;
				DEVELOPMENT_TEAM = MT4A7M75NC;
				ENABLE_STRICT_OBJC_MSGSEND = YES;
				ENABLE_TESTABILITY = YES;
				ENABLE_USER_SCRIPT_SANDBOXING = NO;
				GCC_C_LANGUAGE_STANDARD = gnu17;
				GCC_DYNAMIC_NO_PIC = NO;
				GCC_NO_COMMON_BLOCKS = YES;
				GCC_OPTIMIZATION_LEVEL = 0;
				GCC_PREPROCESSOR_DEFINITIONS = (
					"DEBUG=1",
					"$(inherited)",
				);
				GCC_WARN_64_TO_32_BIT_CONVERSION = YES;
				GCC_WARN_ABOUT_RETURN_TYPE = YES_ERROR;
				GCC_WARN_UNDECLARED_SELECTOR = YES;
				GCC_WARN_UNINITIALIZED_AUTOS = YES_AGGRESSIVE;
				GCC_WARN_UNUSED_FUNCTION = YES;
				GCC_WARN_UNUSED_VARIABLE = YES;
				IPHONEOS_DEPLOYMENT_TARGET = 18.4;
				LOCALIZATION_PREFERS_STRING_CATALOGS = YES;
				MTL_ENABLE_DEBUG_INFO = INCLUDE_SOURCE;
				MTL_FAST_MATH = YES;
				ONLY_ACTIVE_ARCH = YES;
				SDKROOT = iphoneos;
				SWIFT_ACTIVE_COMPILATION_CONDITIONS = "DEBUG $(inherited)";
				SWIFT_OPTIMIZATION_LEVEL = "-Onone";
			};
			name = Debug;
		};
		3497D1E02E4A3B3000AC0A82 /* Release */ = {
			isa = XCBuildConfiguration;
			buildSettings = {
				ALWAYS_SEARCH_USER_PATHS = NO;
				ASSETCATALOG_COMPILER_GENERATE_SWIFT_ASSET_SYMBOL_EXTENSIONS = YES;
				CLANG_ANALYZER_NONNULL = YES;
				CLANG_ANALYZER_NUMBER_OBJECT_CONVERSION = YES_AGGRESSIVE;
				CLANG_CXX_LANGUAGE_STANDARD = "gnu++20";
				CLANG_ENABLE_MODULES = YES;
				CLANG_ENABLE_OBJC_ARC = YES;
				CLANG_ENABLE_OBJC_WEAK = YES;
				CLANG_WARN_BLOCK_CAPTURE_AUTORELEASING = YES;
				CLANG_WARN_BOOL_CONVERSION = YES;
				CLANG_WARN_COMMA = YES;
				CLANG_WARN_CONSTANT_CONVERSION = YES;
				CLANG_WARN_DEPRECATED_OBJC_IMPLEMENTATIONS = YES;
				CLANG_WARN_DIRECT_OBJC_ISA_USAGE = YES_ERROR;
				CLANG_WARN_DOCUMENTATION_COMMENTS = YES;
				CLANG_WARN_EMPTY_BODY = YES;
				CLANG_WARN_ENUM_CONVERSION = YES;
				CLANG_WARN_INFINITE_RECURSION = YES;
				CLANG_WARN_INT_CONVERSION = YES;
				CLANG_WARN_NON_LITERAL_NULL_CONVERSION = YES;
				CLANG_WARN_OBJC_IMPLICIT_RETAIN_SELF = YES;
				CLANG_WARN_OBJC_LITERAL_CONVERSION = YES;
				CLANG_WARN_OBJC_ROOT_CLASS = YES_ERROR;
				CLANG_WARN_QUOTED_INCLUDE_IN_FRAMEWORK_HEADER = YES;
				CLANG_WARN_RANGE_LOOP_ANALYSIS = YES;
				CLANG_WARN_STRICT_PROTOTYPES = YES;
				CLANG_WARN_SUSPICIOUS_MOVE = YES;
				CLANG_WARN_UNGUARDED_AVAILABILITY = YES_AGGRESSIVE;
				CLANG_WARN_UNREACHABLE_CODE = YES;
				CLANG_WARN__DUPLICATE_METHOD_MATCH = YES;
				COPY_PHASE_STRIP = NO;
				DEBUG_INFORMATION_FORMAT = "dwarf-with-dsym";
				DEVELOPMENT_TEAM = MT4A7M75NC;
				ENABLE_NS_ASSERTIONS = NO;
				ENABLE_STRICT_OBJC_MSGSEND = YES;
				ENABLE_USER_SCRIPT_SANDBOXING = NO;
				GCC_C_LANGUAGE_STANDARD = gnu17;
				GCC_NO_COMMON_BLOCKS = YES;
				GCC_WARN_64_TO_32_BIT_CONVERSION = YES;
				GCC_WARN_ABOUT_RETURN_TYPE = YES_ERROR;
				GCC_WARN_UNDECLARED_SELECTOR = YES;
				GCC_WARN_UNINITIALIZED_AUTOS = YES_AGGRESSIVE;
				GCC_WARN_UNUSED_FUNCTION = YES;
				GCC_WARN_UNUSED_VARIABLE = YES;
				IPHONEOS_DEPLOYMENT_TARGET = 18.4;
				LOCALIZATION_PREFERS_STRING_CATALOGS = YES;
				MTL_ENABLE_DEBUG_INFO = NO;
				MTL_FAST_MATH = YES;
				SDKROOT = iphoneos;
				SWIFT_COMPILATION_MODE = wholemodule;
				VALIDATE_PRODUCT = YES;
			};
			name = Release;
		};
		3497D23C2E4B166600AC0A82 /* Debug */ = {
			isa = XCBuildConfiguration;
			baseConfigurationReference = 7CB95F7E84F21BCE2946CFA1 /* Pods-PopRepoLuizaTests.debug.xcconfig */;
			buildSettings = {
				BUNDLE_LOADER = "$(TEST_HOST)";
				CODE_SIGN_STYLE = Automatic;
				CURRENT_PROJECT_VERSION = 1;
				DEVELOPMENT_TEAM = MT4A7M75NC;
				ENABLE_USER_SCRIPT_SANDBOXING = NO;
				GENERATE_INFOPLIST_FILE = YES;
				MARKETING_VERSION = 1.0;
				PRODUCT_BUNDLE_IDENTIFIER = com.caiopessoa.PopRepoLuizaTests;
				PRODUCT_NAME = "$(TARGET_NAME)";
				SWIFT_EMIT_LOC_STRINGS = NO;
				SWIFT_VERSION = 5.0;
				TARGETED_DEVICE_FAMILY = "1,2";
				TEST_HOST = "$(BUILT_PRODUCTS_DIR)/PopRepoLuiza.app/$(BUNDLE_EXECUTABLE_FOLDER_PATH)/PopRepoLuiza";
			};
			name = Debug;
		};
		3497D23D2E4B166600AC0A82 /* Release */ = {
			isa = XCBuildConfiguration;
			baseConfigurationReference = 74C3877EBC5688C61E6433EC /* Pods-PopRepoLuizaTests.release.xcconfig */;
			buildSettings = {
				BUNDLE_LOADER = "$(TEST_HOST)";
				CODE_SIGN_STYLE = Automatic;
				CURRENT_PROJECT_VERSION = 1;
				DEVELOPMENT_TEAM = MT4A7M75NC;
				ENABLE_USER_SCRIPT_SANDBOXING = NO;
				GENERATE_INFOPLIST_FILE = YES;
				MARKETING_VERSION = 1.0;
				PRODUCT_BUNDLE_IDENTIFIER = com.caiopessoa.PopRepoLuizaTests;
				PRODUCT_NAME = "$(TARGET_NAME)";
				SWIFT_EMIT_LOC_STRINGS = NO;
				SWIFT_VERSION = 5.0;
				TARGETED_DEVICE_FAMILY = "1,2";
				TEST_HOST = "$(BUILT_PRODUCTS_DIR)/PopRepoLuiza.app/$(BUNDLE_EXECUTABLE_FOLDER_PATH)/PopRepoLuiza";
			};
			name = Release;
		};
/* End XCBuildConfiguration section */

/* Begin XCConfigurationList section */
		3497D1C42E4A3B2D00AC0A82 /* Build configuration list for PBXProject "PopRepoLuiza" */ = {
			isa = XCConfigurationList;
			buildConfigurations = (
				3497D1DF2E4A3B3000AC0A82 /* Debug */,
				3497D1E02E4A3B3000AC0A82 /* Release */,
			);
			defaultConfigurationIsVisible = 0;
			defaultConfigurationName = Release;
		};
		3497D1DC2E4A3B3000AC0A82 /* Build configuration list for PBXNativeTarget "PopRepoLuiza" */ = {
			isa = XCConfigurationList;
			buildConfigurations = (
				3497D1DD2E4A3B3000AC0A82 /* Debug */,
				3497D1DE2E4A3B3000AC0A82 /* Release */,
			);
			defaultConfigurationIsVisible = 0;
			defaultConfigurationName = Release;
		};
		3497D23E2E4B166600AC0A82 /* Build configuration list for PBXNativeTarget "PopRepoLuizaTests" */ = {
			isa = XCConfigurationList;
			buildConfigurations = (
				3497D23C2E4B166600AC0A82 /* Debug */,
				3497D23D2E4B166600AC0A82 /* Release */,
			);
			defaultConfigurationIsVisible = 0;
			defaultConfigurationName = Release;
		};
/* End XCConfigurationList section */
	};
	rootObject = 3497D1C12E4A3B2D00AC0A82 /* Project object */;
}
